PODS:
  - MBProgressHUD (1.0.0)
  - SwipeCellKit (1.9.1)

DEPENDENCIES:
  - MBProgressHUD (~> 1.0.0)
  - SwipeCellKit

SPEC CHECKSUMS:
  MBProgressHUD: 4890f671c94e8a0f3cf959aa731e9de2f036d71a
  SwipeCellKit: e9ff953c820394a4e641cfb0118b6c959506aec2

PODFILE CHECKSUM: 865e9ec144fbb56a4d1693e3ee9cff3198cfccaa

COCOAPODS: 1.3.1
